
Microsoft Visual Studio Solution File, Format Version 12.00
# Visual Studio Version 17
VisualStudioVersion = 17.4.33213.308
MinimumVisualStudioVersion = 10.0.40219.1
Project("{9A19103F-16F7-4668-BE54-9A1E7A4F7556}") = "TestProga", "TestProga.csproj", "{E1F36196-6A88-4F09-9151-9D0E3B885074}"
EndProject
Global
	GlobalSection(SolutionConfigurationPlatforms) = preSolution
		Debug|Any CPU = Debug|Any CPU
		Release|Any CPU = Release|Any CPU
	EndGlobalSection
	GlobalSection(ProjectConfigurationPlatforms) = postSolution
		{E1F36196-6A88-4F09-9151-9D0E3B885074}.Debug|Any CPU.ActiveCfg = Debug|Any CPU
		{E1F36196-6A88-4F09-9151-9D0E3B885074}.Debug|Any CPU.Build.0 = Debug|Any CPU
		{E1F36196-6A88-4F09-9151-9D0E3B885074}.Release|Any CPU.ActiveCfg = Release|Any CPU
		{E1F36196-6A88-4F09-9151-9D0E3B885074}.Release|Any CPU.Build.0 = Release|Any CPU
	EndGlobalSection
	GlobalSection(SolutionProperties) = preSolution
		HideSolutionNode = FALSE
	EndGlobalSection
	GlobalSection(ExtensibilityGlobals) = postSolution
		SolutionGuid = {F8A781FB-09CE-444A-A0B1-9F8B5385C172}
	EndGlobalSection
EndGlobal
